// !$*UTF8*$!
{
	archiveVersion = 1;
	classes = {
	};
	objectVersion = 77;
	objects = {

/* Begin PBXBuildFile section */
<<<<<<< HEAD
		5164DDD92CCF7DB7001FC7D9 /* STTManager.swift in Sources */ = {isa = PBXBuildFile; fileRef = 5164DDD82CCF7DB7001FC7D9 /* STTManager.swift */; };
		5164DDDB2CCF7DF3001FC7D9 /* STTView.swift in Sources */ = {isa = PBXBuildFile; fileRef = 5164DDDA2CCF7DF3001FC7D9 /* STTView.swift */; };
=======
>>>>>>> parent of 35ba4d7 (chore: #15-파일 구조 정리)
		BD26F3622CCFF03000F6007F /* VideoTestView.swift in Sources */ = {isa = PBXBuildFile; fileRef = BD26F3612CCFF03000F6007F /* VideoTestView.swift */; };
		BD54BC3A2CD1225000366076 /* YouTubeiOSPlayerHelper in Frameworks */ = {isa = PBXBuildFile; productRef = BD54BC392CD1225000366076 /* YouTubeiOSPlayerHelper */; };
		BD54BC3C2CD122A300366076 /* YouTubePlayerView.swift in Sources */ = {isa = PBXBuildFile; fileRef = BD54BC3B2CD122A300366076 /* YouTubePlayerView.swift */; };
		900F633B2CD0789200DE5220 /* DataLoadingView.swift in Sources */ = {isa = PBXBuildFile; fileRef = 900F633A2CD0789200DE5220 /* DataLoadingView.swift */; };
		90D8793D2CCF60BD0053424D /* Models.swift in Sources */ = {isa = PBXBuildFile; fileRef = 90D8793C2CCF60BD0053424D /* Models.swift */; };
		90D8793F2CCF73F50053424D /* Quotes.json in Resources */ = {isa = PBXBuildFile; fileRef = 90D8793E2CCF73F50053424D /* Quotes.json */; };
		90D879412CCF74120053424D /* AnimeCharacter.json in Resources */ = {isa = PBXBuildFile; fileRef = 90D879402CCF74120053424D /* AnimeCharacter.json */; };
		90D879432CCF74630053424D /* JSONUtils.swift in Sources */ = {isa = PBXBuildFile; fileRef = 90D879422CCF74630053424D /* JSONUtils.swift */; };
		BD26F35B2CCFD63F00F6007F /* LearningView.swift in Sources */ = {isa = PBXBuildFile; fileRef = BD26F3582CCFD63F00F6007F /* LearningView.swift */; };
		BD26F35C2CCFD63F00F6007F /* SearchView.swift in Sources */ = {isa = PBXBuildFile; fileRef = BD26F35A2CCFD63F00F6007F /* SearchView.swift */; };
		BD26F35D2CCFD63F00F6007F /* ResultView.swift in Sources */ = {isa = PBXBuildFile; fileRef = BD26F3592CCFD63F00F6007F /* ResultView.swift */; };
		BD26F35E2CCFD63F00F6007F /* HomeView.swift in Sources */ = {isa = PBXBuildFile; fileRef = BD26F3572CCFD63F00F6007F /* HomeView.swift */; };
		BD26F3602CCFD66500F6007F /* Router.swift in Sources */ = {isa = PBXBuildFile; fileRef = BD26F35F2CCFD66500F6007F /* Router.swift */; };
		BD737E402CC7468C0096CDEC /* .gitignore in Resources */ = {isa = PBXBuildFile; fileRef = BD737E3F2CC746840096CDEC /* .gitignore */; };
		BDE03C4F2CCF2634000DACB8 /* ContentView.swift in Sources */ = {isa = PBXBuildFile; fileRef = BDE03C4C2CCF2634000DACB8 /* ContentView.swift */; };
		BDE03C502CCF2634000DACB8 /* PepperoniApp.swift in Sources */ = {isa = PBXBuildFile; fileRef = BDE03C4D2CCF2634000DACB8 /* PepperoniApp.swift */; };
		BDE03C512CCF2634000DACB8 /* Preview Assets.xcassets in Resources */ = {isa = PBXBuildFile; fileRef = BDE03C482CCF2634000DACB8 /* Preview Assets.xcassets */; };
		BDE03C522CCF2634000DACB8 /* Assets.xcassets in Resources */ = {isa = PBXBuildFile; fileRef = BDE03C4B2CCF2634000DACB8 /* Assets.xcassets */; };
/* End PBXBuildFile section */

/* Begin PBXFileReference section */
<<<<<<< HEAD
		5164DDD82CCF7DB7001FC7D9 /* STTManager.swift */ = {isa = PBXFileReference; lastKnownFileType = sourcecode.swift; path = STTManager.swift; sourceTree = "<group>"; };
		5164DDDA2CCF7DF3001FC7D9 /* STTView.swift */ = {isa = PBXFileReference; lastKnownFileType = sourcecode.swift; path = STTView.swift; sourceTree = "<group>"; };
		5164DDDC2CCF8EA7001FC7D9 /* Info.plist */ = {isa = PBXFileReference; lastKnownFileType = text.plist; path = Info.plist; sourceTree = "<group>"; };
=======
>>>>>>> parent of 35ba4d7 (chore: #15-파일 구조 정리)
		BD26F3612CCFF03000F6007F /* VideoTestView.swift */ = {isa = PBXFileReference; lastKnownFileType = sourcecode.swift; name = VideoTestView.swift; path = Pepperoni/VideoTestView.swift; sourceTree = SOURCE_ROOT; };
		BD54BC3B2CD122A300366076 /* YouTubePlayerView.swift */ = {isa = PBXFileReference; lastKnownFileType = sourcecode.swift; name = YouTubePlayerView.swift; path = Pepperoni/YouTubePlayerView.swift; sourceTree = SOURCE_ROOT; };
		900F633A2CD0789200DE5220 /* DataLoadingView.swift */ = {isa = PBXFileReference; lastKnownFileType = sourcecode.swift; path = DataLoadingView.swift; sourceTree = "<group>"; };
		90D8793C2CCF60BD0053424D /* Models.swift */ = {isa = PBXFileReference; lastKnownFileType = sourcecode.swift; path = Models.swift; sourceTree = "<group>"; };
		90D8793E2CCF73F50053424D /* Quotes.json */ = {isa = PBXFileReference; lastKnownFileType = text.json; path = Quotes.json; sourceTree = "<group>"; };
		90D879402CCF74120053424D /* AnimeCharacter.json */ = {isa = PBXFileReference; lastKnownFileType = text.json; path = AnimeCharacter.json; sourceTree = "<group>"; };
		90D879422CCF74630053424D /* JSONUtils.swift */ = {isa = PBXFileReference; lastKnownFileType = sourcecode.swift; path = JSONUtils.swift; sourceTree = "<group>"; };
		BD26F3572CCFD63F00F6007F /* HomeView.swift */ = {isa = PBXFileReference; lastKnownFileType = sourcecode.swift; path = HomeView.swift; sourceTree = "<group>"; };
		BD26F3582CCFD63F00F6007F /* LearningView.swift */ = {isa = PBXFileReference; lastKnownFileType = sourcecode.swift; path = LearningView.swift; sourceTree = "<group>"; };
		BD26F3592CCFD63F00F6007F /* ResultView.swift */ = {isa = PBXFileReference; lastKnownFileType = sourcecode.swift; path = ResultView.swift; sourceTree = "<group>"; };
		BD26F35A2CCFD63F00F6007F /* SearchView.swift */ = {isa = PBXFileReference; lastKnownFileType = sourcecode.swift; path = SearchView.swift; sourceTree = "<group>"; };
		BD26F35F2CCFD66500F6007F /* Router.swift */ = {isa = PBXFileReference; lastKnownFileType = sourcecode.swift; path = Router.swift; sourceTree = "<group>"; };
		BD737E2E2CC746710096CDEC /* Pepperoni.app */ = {isa = PBXFileReference; explicitFileType = wrapper.application; includeInIndex = 0; path = Pepperoni.app; sourceTree = BUILT_PRODUCTS_DIR; };
		BD737E3F2CC746840096CDEC /* .gitignore */ = {isa = PBXFileReference; lastKnownFileType = text; path = .gitignore; sourceTree = "<group>"; };
		BDE03C482CCF2634000DACB8 /* Preview Assets.xcassets */ = {isa = PBXFileReference; lastKnownFileType = folder.assetcatalog; path = "Preview Assets.xcassets"; sourceTree = "<group>"; };
		BDE03C4B2CCF2634000DACB8 /* Assets.xcassets */ = {isa = PBXFileReference; lastKnownFileType = folder.assetcatalog; path = Assets.xcassets; sourceTree = "<group>"; };
		BDE03C4C2CCF2634000DACB8 /* ContentView.swift */ = {isa = PBXFileReference; lastKnownFileType = sourcecode.swift; path = ContentView.swift; sourceTree = "<group>"; };
		BDE03C4D2CCF2634000DACB8 /* PepperoniApp.swift */ = {isa = PBXFileReference; lastKnownFileType = sourcecode.swift; path = PepperoniApp.swift; sourceTree = "<group>"; };
/* End PBXFileReference section */

/* Begin PBXFrameworksBuildPhase section */
		BD737E2B2CC746710096CDEC /* Frameworks */ = {
			isa = PBXFrameworksBuildPhase;
			buildActionMask = 2147483647;
			files = (
				BD54BC3A2CD1225000366076 /* YouTubeiOSPlayerHelper in Frameworks */,
			);
			runOnlyForDeploymentPostprocessing = 0;
		};
/* End PBXFrameworksBuildPhase section */

/* Begin PBXGroup section */
		90D8793B2CCF60970053424D /* DataStructure */ = {
			isa = PBXGroup;
			children = (
				90D8793C2CCF60BD0053424D /* Models.swift */,
			);
			path = DataStructure;
			sourceTree = "<group>";
		};
		BD737E252CC746710096CDEC = {
			isa = PBXGroup;
			children = (
				BD737E3F2CC746840096CDEC /* .gitignore */,
				BDE03C4E2CCF2634000DACB8 /* Pepperoni */,
				BD737E2F2CC746710096CDEC /* Products */,
			);
			sourceTree = "<group>";
		};
		BD737E2F2CC746710096CDEC /* Products */ = {
			isa = PBXGroup;
			children = (
				BD737E2E2CC746710096CDEC /* Pepperoni.app */,
			);
			name = Products;
			sourceTree = "<group>";
		};
		BDE03C492CCF2634000DACB8 /* Preview Content */ = {
			isa = PBXGroup;
			children = (
				BDE03C482CCF2634000DACB8 /* Preview Assets.xcassets */,
			);
			path = "Preview Content";
			sourceTree = "<group>";
		};
		BDE03C4A2CCF2634000DACB8 /* View */ = {
			isa = PBXGroup;
			children = (
				BD26F3612CCFF03000F6007F /* VideoTestView.swift */,
				BD54BC3B2CD122A300366076 /* YouTubePlayerView.swift */,
				BD26F3572CCFD63F00F6007F /* HomeView.swift */,
				BD26F3582CCFD63F00F6007F /* LearningView.swift */,
				BD26F3592CCFD63F00F6007F /* ResultView.swift */,
				BD26F35A2CCFD63F00F6007F /* SearchView.swift */,
			);
			path = View;
			sourceTree = "<group>";
		};
		BDE03C4E2CCF2634000DACB8 /* Pepperoni */ = {
			isa = PBXGroup;
			children = (
<<<<<<< HEAD
				5164DDDC2CCF8EA7001FC7D9 /* Info.plist */,
=======
>>>>>>> parent of 35ba4d7 (chore: #15-파일 구조 정리)
				90D8793B2CCF60970053424D /* DataStructure */,
				BDE03C492CCF2634000DACB8 /* Preview Content */,
				BDE03C4A2CCF2634000DACB8 /* View */,
				BDE03C4B2CCF2634000DACB8 /* Assets.xcassets */,
				BDE03C4D2CCF2634000DACB8 /* PepperoniApp.swift */,
<<<<<<< HEAD
				5164DDD82CCF7DB7001FC7D9 /* STTManager.swift */,
				5164DDDA2CCF7DF3001FC7D9 /* STTView.swift */,
=======
>>>>>>> parent of 35ba4d7 (chore: #15-파일 구조 정리)
				BDE03C4C2CCF2634000DACB8 /* ContentView.swift */,
				900F633A2CD0789200DE5220 /* DataLoadingView.swift */,
				90D8793E2CCF73F50053424D /* Quotes.json */,
				90D879402CCF74120053424D /* AnimeCharacter.json */,
				90D879422CCF74630053424D /* JSONUtils.swift */,
				BD26F35F2CCFD66500F6007F /* Router.swift */,
			);
			path = Pepperoni;
			sourceTree = "<group>";
		};
/* End PBXGroup section */

/* Begin PBXNativeTarget section */
		BD737E2D2CC746710096CDEC /* Pepperoni */ = {
			isa = PBXNativeTarget;
			buildConfigurationList = BD737E3C2CC746720096CDEC /* Build configuration list for PBXNativeTarget "Pepperoni" */;
			buildPhases = (
				BD737E2A2CC746710096CDEC /* Sources */,
				BD737E2B2CC746710096CDEC /* Frameworks */,
				BD737E2C2CC746710096CDEC /* Resources */,
			);
			buildRules = (
			);
			dependencies = (
			);
			name = Pepperoni;
			packageProductDependencies = (
				BD54BC392CD1225000366076 /* YouTubeiOSPlayerHelper */,
			);
			productName = Pepperoni;
			productReference = BD737E2E2CC746710096CDEC /* Pepperoni.app */;
			productType = "com.apple.product-type.application";
		};
/* End PBXNativeTarget section */

/* Begin PBXProject section */
		BD737E262CC746710096CDEC /* Project object */ = {
			isa = PBXProject;
			attributes = {
				BuildIndependentTargetsInParallel = 1;
				LastSwiftUpdateCheck = 1600;
				LastUpgradeCheck = 1600;
				TargetAttributes = {
					BD737E2D2CC746710096CDEC = {
						CreatedOnToolsVersion = 16.0;
					};
				};
			};
			buildConfigurationList = BD737E292CC746710096CDEC /* Build configuration list for PBXProject "Pepperoni" */;
			developmentRegion = en;
			hasScannedForEncodings = 0;
			knownRegions = (
				en,
				Base,
			);
			mainGroup = BD737E252CC746710096CDEC;
			minimizedProjectReferenceProxies = 1;
			packageReferences = (
				BD54BC382CD1225000366076 /* XCRemoteSwiftPackageReference "youtube-ios-player-helper" */,
			);
			preferredProjectObjectVersion = 77;
			productRefGroup = BD737E2F2CC746710096CDEC /* Products */;
			projectDirPath = "";
			projectRoot = "";
			targets = (
				BD737E2D2CC746710096CDEC /* Pepperoni */,
			);
		};
/* End PBXProject section */

/* Begin PBXResourcesBuildPhase section */
		BD737E2C2CC746710096CDEC /* Resources */ = {
			isa = PBXResourcesBuildPhase;
			buildActionMask = 2147483647;
			files = (
				90D8793F2CCF73F50053424D /* Quotes.json in Resources */,
				BDE03C512CCF2634000DACB8 /* Preview Assets.xcassets in Resources */,
				90D879412CCF74120053424D /* AnimeCharacter.json in Resources */,
				BDE03C522CCF2634000DACB8 /* Assets.xcassets in Resources */,
				BD737E402CC7468C0096CDEC /* .gitignore in Resources */,
			);
			runOnlyForDeploymentPostprocessing = 0;
		};
/* End PBXResourcesBuildPhase section */

/* Begin PBXSourcesBuildPhase section */
		BD737E2A2CC746710096CDEC /* Sources */ = {
			isa = PBXSourcesBuildPhase;
			buildActionMask = 2147483647;
			files = (
				BD26F3622CCFF03000F6007F /* VideoTestView.swift in Sources */,
				BDE03C502CCF2634000DACB8 /* PepperoniApp.swift in Sources */,
				BD54BC3C2CD122A300366076 /* YouTubePlayerView.swift in Sources */,
				90D8793D2CCF60BD0053424D /* Models.swift in Sources */,
				90D879432CCF74630053424D /* JSONUtils.swift in Sources */,
				BDE03C4F2CCF2634000DACB8 /* ContentView.swift in Sources */,
				BDE03C502CCF2634000DACB8 /* PepperoniApp.swift in Sources */,
				5164DDDB2CCF7DF3001FC7D9 /* STTView.swift in Sources */,
				5164DDD92CCF7DB7001FC7D9 /* STTManager.swift in Sources */,
				900F633B2CD0789200DE5220 /* DataLoadingView.swift in Sources */,
				BD26F35B2CCFD63F00F6007F /* LearningView.swift in Sources */,
				BD26F3602CCFD66500F6007F /* Router.swift in Sources */,
				BD26F35C2CCFD63F00F6007F /* SearchView.swift in Sources */,
				BD26F35D2CCFD63F00F6007F /* ResultView.swift in Sources */,
				BD26F35E2CCFD63F00F6007F /* HomeView.swift in Sources */,
			);
			runOnlyForDeploymentPostprocessing = 0;
		};
/* End PBXSourcesBuildPhase section */

/* Begin XCBuildConfiguration section */
		BD737E3A2CC746720096CDEC /* Debug */ = {
			isa = XCBuildConfiguration;
			buildSettings = {
				ALWAYS_SEARCH_USER_PATHS = NO;
				ASSETCATALOG_COMPILER_GENERATE_SWIFT_ASSET_SYMBOL_EXTENSIONS = YES;
				CLANG_ANALYZER_NONNULL = YES;
				CLANG_ANALYZER_NUMBER_OBJECT_CONVERSION = YES_AGGRESSIVE;
				CLANG_CXX_LANGUAGE_STANDARD = "gnu++20";
				CLANG_ENABLE_MODULES = YES;
				CLANG_ENABLE_OBJC_ARC = YES;
				CLANG_ENABLE_OBJC_WEAK = YES;
				CLANG_WARN_BLOCK_CAPTURE_AUTORELEASING = YES;
				CLANG_WARN_BOOL_CONVERSION = YES;
				CLANG_WARN_COMMA = YES;
				CLANG_WARN_CONSTANT_CONVERSION = YES;
				CLANG_WARN_DEPRECATED_OBJC_IMPLEMENTATIONS = YES;
				CLANG_WARN_DIRECT_OBJC_ISA_USAGE = YES_ERROR;
				CLANG_WARN_DOCUMENTATION_COMMENTS = YES;
				CLANG_WARN_EMPTY_BODY = YES;
				CLANG_WARN_ENUM_CONVERSION = YES;
				CLANG_WARN_INFINITE_RECURSION = YES;
				CLANG_WARN_INT_CONVERSION = YES;
				CLANG_WARN_NON_LITERAL_NULL_CONVERSION = YES;
				CLANG_WARN_OBJC_IMPLICIT_RETAIN_SELF = YES;
				CLANG_WARN_OBJC_LITERAL_CONVERSION = YES;
				CLANG_WARN_OBJC_ROOT_CLASS = YES_ERROR;
				CLANG_WARN_QUOTED_INCLUDE_IN_FRAMEWORK_HEADER = YES;
				CLANG_WARN_RANGE_LOOP_ANALYSIS = YES;
				CLANG_WARN_STRICT_PROTOTYPES = YES;
				CLANG_WARN_SUSPICIOUS_MOVE = YES;
				CLANG_WARN_UNGUARDED_AVAILABILITY = YES_AGGRESSIVE;
				CLANG_WARN_UNREACHABLE_CODE = YES;
				CLANG_WARN__DUPLICATE_METHOD_MATCH = YES;
				COPY_PHASE_STRIP = NO;
				DEBUG_INFORMATION_FORMAT = dwarf;
				ENABLE_STRICT_OBJC_MSGSEND = YES;
				ENABLE_TESTABILITY = YES;
				ENABLE_USER_SCRIPT_SANDBOXING = YES;
				GCC_C_LANGUAGE_STANDARD = gnu17;
				GCC_DYNAMIC_NO_PIC = NO;
				GCC_NO_COMMON_BLOCKS = YES;
				GCC_OPTIMIZATION_LEVEL = 0;
				GCC_PREPROCESSOR_DEFINITIONS = (
					"DEBUG=1",
					"$(inherited)",
				);
				GCC_WARN_64_TO_32_BIT_CONVERSION = YES;
				GCC_WARN_ABOUT_RETURN_TYPE = YES_ERROR;
				GCC_WARN_UNDECLARED_SELECTOR = YES;
				GCC_WARN_UNINITIALIZED_AUTOS = YES_AGGRESSIVE;
				GCC_WARN_UNUSED_FUNCTION = YES;
				GCC_WARN_UNUSED_VARIABLE = YES;
				IPHONEOS_DEPLOYMENT_TARGET = 18.0;
				LOCALIZATION_PREFERS_STRING_CATALOGS = YES;
				MTL_ENABLE_DEBUG_INFO = INCLUDE_SOURCE;
				MTL_FAST_MATH = YES;
				ONLY_ACTIVE_ARCH = YES;
				SDKROOT = iphoneos;
				SWIFT_ACTIVE_COMPILATION_CONDITIONS = "DEBUG $(inherited)";
				SWIFT_OPTIMIZATION_LEVEL = "-Onone";
			};
			name = Debug;
		};
		BD737E3B2CC746720096CDEC /* Release */ = {
			isa = XCBuildConfiguration;
			buildSettings = {
				ALWAYS_SEARCH_USER_PATHS = NO;
				ASSETCATALOG_COMPILER_GENERATE_SWIFT_ASSET_SYMBOL_EXTENSIONS = YES;
				CLANG_ANALYZER_NONNULL = YES;
				CLANG_ANALYZER_NUMBER_OBJECT_CONVERSION = YES_AGGRESSIVE;
				CLANG_CXX_LANGUAGE_STANDARD = "gnu++20";
				CLANG_ENABLE_MODULES = YES;
				CLANG_ENABLE_OBJC_ARC = YES;
				CLANG_ENABLE_OBJC_WEAK = YES;
				CLANG_WARN_BLOCK_CAPTURE_AUTORELEASING = YES;
				CLANG_WARN_BOOL_CONVERSION = YES;
				CLANG_WARN_COMMA = YES;
				CLANG_WARN_CONSTANT_CONVERSION = YES;
				CLANG_WARN_DEPRECATED_OBJC_IMPLEMENTATIONS = YES;
				CLANG_WARN_DIRECT_OBJC_ISA_USAGE = YES_ERROR;
				CLANG_WARN_DOCUMENTATION_COMMENTS = YES;
				CLANG_WARN_EMPTY_BODY = YES;
				CLANG_WARN_ENUM_CONVERSION = YES;
				CLANG_WARN_INFINITE_RECURSION = YES;
				CLANG_WARN_INT_CONVERSION = YES;
				CLANG_WARN_NON_LITERAL_NULL_CONVERSION = YES;
				CLANG_WARN_OBJC_IMPLICIT_RETAIN_SELF = YES;
				CLANG_WARN_OBJC_LITERAL_CONVERSION = YES;
				CLANG_WARN_OBJC_ROOT_CLASS = YES_ERROR;
				CLANG_WARN_QUOTED_INCLUDE_IN_FRAMEWORK_HEADER = YES;
				CLANG_WARN_RANGE_LOOP_ANALYSIS = YES;
				CLANG_WARN_STRICT_PROTOTYPES = YES;
				CLANG_WARN_SUSPICIOUS_MOVE = YES;
				CLANG_WARN_UNGUARDED_AVAILABILITY = YES_AGGRESSIVE;
				CLANG_WARN_UNREACHABLE_CODE = YES;
				CLANG_WARN__DUPLICATE_METHOD_MATCH = YES;
				COPY_PHASE_STRIP = NO;
				DEBUG_INFORMATION_FORMAT = "dwarf-with-dsym";
				ENABLE_NS_ASSERTIONS = NO;
				ENABLE_STRICT_OBJC_MSGSEND = YES;
				ENABLE_USER_SCRIPT_SANDBOXING = YES;
				GCC_C_LANGUAGE_STANDARD = gnu17;
				GCC_NO_COMMON_BLOCKS = YES;
				GCC_WARN_64_TO_32_BIT_CONVERSION = YES;
				GCC_WARN_ABOUT_RETURN_TYPE = YES_ERROR;
				GCC_WARN_UNDECLARED_SELECTOR = YES;
				GCC_WARN_UNINITIALIZED_AUTOS = YES_AGGRESSIVE;
				GCC_WARN_UNUSED_FUNCTION = YES;
				GCC_WARN_UNUSED_VARIABLE = YES;
				IPHONEOS_DEPLOYMENT_TARGET = 18.0;
				LOCALIZATION_PREFERS_STRING_CATALOGS = YES;
				MTL_ENABLE_DEBUG_INFO = NO;
				MTL_FAST_MATH = YES;
				SDKROOT = iphoneos;
				SWIFT_COMPILATION_MODE = wholemodule;
				VALIDATE_PRODUCT = YES;
			};
			name = Release;
		};
		BD737E3D2CC746720096CDEC /* Debug */ = {
			isa = XCBuildConfiguration;
			buildSettings = {
				ASSETCATALOG_COMPILER_APPICON_NAME = AppIcon;
				ASSETCATALOG_COMPILER_GLOBAL_ACCENT_COLOR_NAME = AccentColor;
				CODE_SIGN_STYLE = Automatic;
				CURRENT_PROJECT_VERSION = 1;
				DEVELOPMENT_ASSET_PATHS = "\"Pepperoni/Preview Content\"";
				DEVELOPMENT_TEAM = 5Z2TRCRXZZ;
				ENABLE_PREVIEWS = YES;
				GENERATE_INFOPLIST_FILE = YES;
				INFOPLIST_FILE = Pepperoni/Info.plist;
				INFOPLIST_KEY_UIApplicationSceneManifest_Generation = YES;
				INFOPLIST_KEY_UIApplicationSupportsIndirectInputEvents = YES;
				INFOPLIST_KEY_UILaunchScreen_Generation = YES;
				INFOPLIST_KEY_UISupportedInterfaceOrientations_iPad = "UIInterfaceOrientationPortrait UIInterfaceOrientationPortraitUpsideDown UIInterfaceOrientationLandscapeLeft UIInterfaceOrientationLandscapeRight";
				INFOPLIST_KEY_UISupportedInterfaceOrientations_iPhone = "UIInterfaceOrientationPortrait UIInterfaceOrientationLandscapeLeft UIInterfaceOrientationLandscapeRight";
				IPHONEOS_DEPLOYMENT_TARGET = 17.0;
				LD_RUNPATH_SEARCH_PATHS = (
					"$(inherited)",
					"@executable_path/Frameworks",
				);
				MARKETING_VERSION = 1.0;
				PRODUCT_BUNDLE_IDENTIFIER = com.Jen.Pepperoni;
				PRODUCT_NAME = "$(TARGET_NAME)";
				SWIFT_EMIT_LOC_STRINGS = YES;
				SWIFT_VERSION = 5.0;
				TARGETED_DEVICE_FAMILY = "1,2";
			};
			name = Debug;
		};
		BD737E3E2CC746720096CDEC /* Release */ = {
			isa = XCBuildConfiguration;
			buildSettings = {
				ASSETCATALOG_COMPILER_APPICON_NAME = AppIcon;
				ASSETCATALOG_COMPILER_GLOBAL_ACCENT_COLOR_NAME = AccentColor;
				CODE_SIGN_STYLE = Automatic;
				CURRENT_PROJECT_VERSION = 1;
				DEVELOPMENT_ASSET_PATHS = "\"Pepperoni/Preview Content\"";
				DEVELOPMENT_TEAM = 5Z2TRCRXZZ;
				ENABLE_PREVIEWS = YES;
				GENERATE_INFOPLIST_FILE = YES;
				INFOPLIST_FILE = Pepperoni/Info.plist;
				INFOPLIST_KEY_UIApplicationSceneManifest_Generation = YES;
				INFOPLIST_KEY_UIApplicationSupportsIndirectInputEvents = YES;
				INFOPLIST_KEY_UILaunchScreen_Generation = YES;
				INFOPLIST_KEY_UISupportedInterfaceOrientations_iPad = "UIInterfaceOrientationPortrait UIInterfaceOrientationPortraitUpsideDown UIInterfaceOrientationLandscapeLeft UIInterfaceOrientationLandscapeRight";
				INFOPLIST_KEY_UISupportedInterfaceOrientations_iPhone = "UIInterfaceOrientationPortrait UIInterfaceOrientationLandscapeLeft UIInterfaceOrientationLandscapeRight";
				IPHONEOS_DEPLOYMENT_TARGET = 17.0;
				LD_RUNPATH_SEARCH_PATHS = (
					"$(inherited)",
					"@executable_path/Frameworks",
				);
				MARKETING_VERSION = 1.0;
				PRODUCT_BUNDLE_IDENTIFIER = com.Jen.Pepperoni;
				PRODUCT_NAME = "$(TARGET_NAME)";
				SWIFT_EMIT_LOC_STRINGS = YES;
				SWIFT_VERSION = 5.0;
				TARGETED_DEVICE_FAMILY = "1,2";
			};
			name = Release;
		};
/* End XCBuildConfiguration section */

/* Begin XCConfigurationList section */
		BD737E292CC746710096CDEC /* Build configuration list for PBXProject "Pepperoni" */ = {
			isa = XCConfigurationList;
			buildConfigurations = (
				BD737E3A2CC746720096CDEC /* Debug */,
				BD737E3B2CC746720096CDEC /* Release */,
			);
			defaultConfigurationIsVisible = 0;
			defaultConfigurationName = Release;
		};
		BD737E3C2CC746720096CDEC /* Build configuration list for PBXNativeTarget "Pepperoni" */ = {
			isa = XCConfigurationList;
			buildConfigurations = (
				BD737E3D2CC746720096CDEC /* Debug */,
				BD737E3E2CC746720096CDEC /* Release */,
			);
			defaultConfigurationIsVisible = 0;
			defaultConfigurationName = Release;
		};
/* End XCConfigurationList section */

/* Begin XCRemoteSwiftPackageReference section */
		BD54BC382CD1225000366076 /* XCRemoteSwiftPackageReference "youtube-ios-player-helper" */ = {
			isa = XCRemoteSwiftPackageReference;
			repositoryURL = "https://github.com/youtube/youtube-ios-player-helper.git";
			requirement = {
				kind = upToNextMajorVersion;
				minimumVersion = 1.0.4;
			};
		};
/* End XCRemoteSwiftPackageReference section */

/* Begin XCSwiftPackageProductDependency section */
		BD54BC392CD1225000366076 /* YouTubeiOSPlayerHelper */ = {
			isa = XCSwiftPackageProductDependency;
			package = BD54BC382CD1225000366076 /* XCRemoteSwiftPackageReference "youtube-ios-player-helper" */;
			productName = YouTubeiOSPlayerHelper;
		};
/* End XCSwiftPackageProductDependency section */
	};
	rootObject = BD737E262CC746710096CDEC /* Project object */;
}
