// !$*UTF8*$!
{
	archiveVersion = 1;
	classes = {
	};
	objectVersion = 77;
	objects = {

/* Begin PBXBuildFile section */
		5164DDD92CCF7DB7001FC7D9 /* STTManager.swift in Sources */ = {isa = PBXBuildFile; fileRef = 5164DDD82CCF7DB7001FC7D9 /* STTManager.swift */; };
		51ECA4F82CD26C21001AB4E0 /* SpeechGrader.swift in Sources */ = {isa = PBXBuildFile; fileRef = 51ECA4F72CD26C21001AB4E0 /* SpeechGrader.swift */; };
		51ECA4FC2CD3A3F4001AB4E0 /* AudioPlayerManager.swift in Sources */ = {isa = PBXBuildFile; fileRef = 51ECA4FB2CD3A3F4001AB4E0 /* AudioPlayerManager.swift */; };
		90429A872CD25FD800A23D0B /* LearningStartView.swift in Sources */ = {isa = PBXBuildFile; fileRef = 90429A862CD25FD800A23D0B /* LearningStartView.swift */; };
		90429A932CD36D5800A23D0B /* JUJ004.m4a in Resources */ = {isa = PBXBuildFile; fileRef = 90429A912CD36D5800A23D0B /* JUJ004.m4a */; };
		90429A942CD36D5800A23D0B /* BTR001.m4a in Resources */ = {isa = PBXBuildFile; fileRef = 90429A892CD36D5800A23D0B /* BTR001.m4a */; };
		90429A952CD36D5800A23D0B /* BTR003.m4a in Resources */ = {isa = PBXBuildFile; fileRef = 90429A8B2CD36D5800A23D0B /* BTR003.m4a */; };
		90429A962CD36D5800A23D0B /* JUJ005.m4a in Resources */ = {isa = PBXBuildFile; fileRef = 90429A922CD36D5800A23D0B /* JUJ005.m4a */; };
		90429A972CD36D5800A23D0B /* BTR004.m4a in Resources */ = {isa = PBXBuildFile; fileRef = 90429A8C2CD36D5800A23D0B /* BTR004.m4a */; };
		90429A982CD36D5800A23D0B /* BTR005.m4a in Resources */ = {isa = PBXBuildFile; fileRef = 90429A8D2CD36D5800A23D0B /* BTR005.m4a */; };
		90429A9A2CD36D5800A23D0B /* BTR002.m4a in Resources */ = {isa = PBXBuildFile; fileRef = 90429A8A2CD36D5800A23D0B /* BTR002.m4a */; };
		90429A9B2CD36D5800A23D0B /* JUJ002.m4a in Resources */ = {isa = PBXBuildFile; fileRef = 90429A8F2CD36D5800A23D0B /* JUJ002.m4a */; };
		90429A9C2CD36D5800A23D0B /* JUJ003.m4a in Resources */ = {isa = PBXBuildFile; fileRef = 90429A902CD36D5800A23D0B /* JUJ003.m4a */; };
		908DE6332CDCB0AC00EC9B1C /* JUJ001.m4a in Resources */ = {isa = PBXBuildFile; fileRef = 908DE6322CDCB0AC00EC9B1C /* JUJ001.m4a */; };
		BD13E5132CDA50E4001ED452 /* BackButton.swift in Sources */ = {isa = PBXBuildFile; fileRef = BD13E5122CDA50E4001ED452 /* BackButton.swift */; };
		BD26F35E2CCFD63F00F6007F /* HomeView.swift in Sources */ = {isa = PBXBuildFile; fileRef = BD26F3572CCFD63F00F6007F /* HomeView.swift */; };
		BD2BAAF82CD37D9200873607 /* SearchBar.swift in Sources */ = {isa = PBXBuildFile; fileRef = BD2BAAF72CD37D8500873607 /* SearchBar.swift */; };
		BD54BC3A2CD1225000366076 /* YouTubeiOSPlayerHelper in Frameworks */ = {isa = PBXBuildFile; productRef = BD54BC392CD1225000366076 /* YouTubeiOSPlayerHelper */; };
		BD54BC3C2CD122A300366076 /* YouTubePlayerView.swift in Sources */ = {isa = PBXBuildFile; fileRef = BD54BC3B2CD122A300366076 /* YouTubePlayerView.swift */; };
		BD737E402CC7468C0096CDEC /* .gitignore in Resources */ = {isa = PBXBuildFile; fileRef = BD737E3F2CC746840096CDEC /* .gitignore */; };
		BD7D58A52CD2618200EAD175 /* AnimeListView.swift in Sources */ = {isa = PBXBuildFile; fileRef = BD7D58A42CD2618200EAD175 /* AnimeListView.swift */; };
		BD7D58A72CD2679200EAD175 /* CharacterDetailView.swift in Sources */ = {isa = PBXBuildFile; fileRef = BD7D58A62CD2679200EAD175 /* CharacterDetailView.swift */; };
		BD8695212CD768CA00FDE710 /* ImagePickerView.swift in Sources */ = {isa = PBXBuildFile; fileRef = BD8695202CD768CA00FDE710 /* ImagePickerView.swift */; };
		BD8695232CD921B200FDE710 /* AchievementBar.swift in Sources */ = {isa = PBXBuildFile; fileRef = BD8695222CD921B200FDE710 /* AchievementBar.swift */; };
		BDE03C502CCF2634000DACB8 /* PepperoniApp.swift in Sources */ = {isa = PBXBuildFile; fileRef = BDE03C4D2CCF2634000DACB8 /* PepperoniApp.swift */; };
		BDE03C512CCF2634000DACB8 /* Preview Assets.xcassets in Resources */ = {isa = PBXBuildFile; fileRef = BDE03C482CCF2634000DACB8 /* Preview Assets.xcassets */; };
		BDF007312CD24DD500A386A1 /* Models.swift in Sources */ = {isa = PBXBuildFile; fileRef = BDF0072F2CD24DD500A386A1 /* Models.swift */; };
		BDF007372CD24E2900A386A1 /* ContentView.swift in Sources */ = {isa = PBXBuildFile; fileRef = BDF007342CD24E2900A386A1 /* ContentView.swift */; };
		BDF007382CD24E2900A386A1 /* AnimeSearchView.swift in Sources */ = {isa = PBXBuildFile; fileRef = BDF007332CD24E2900A386A1 /* AnimeSearchView.swift */; };
		BDF007392CD24E2900A386A1 /* CharacterListView.swift in Sources */ = {isa = PBXBuildFile; fileRef = BDF007322CD24E2900A386A1 /* CharacterListView.swift */; };
		BDF0073D2CD24E3100A386A1 /* LearningView.swift in Sources */ = {isa = PBXBuildFile; fileRef = BDF0073A2CD24E3100A386A1 /* LearningView.swift */; };
		BDF0073E2CD24E3100A386A1 /* ResultView.swift in Sources */ = {isa = PBXBuildFile; fileRef = BDF0073B2CD24E3100A386A1 /* ResultView.swift */; };
		BDF007412CD24E4C00A386A1 /* Assets.xcassets in Resources */ = {isa = PBXBuildFile; fileRef = BDF0073F2CD24E4C00A386A1 /* Assets.xcassets */; };
		BDF007442CD24E5D00A386A1 /* Router.swift in Sources */ = {isa = PBXBuildFile; fileRef = BDF007422CD24E5D00A386A1 /* Router.swift */; };
		BDF007492CD24E7100A386A1 /* JSONUtils.swift in Sources */ = {isa = PBXBuildFile; fileRef = BDF007462CD24E7100A386A1 /* JSONUtils.swift */; };
		BDF0074A2CD24E7100A386A1 /* Quotes.json in Resources */ = {isa = PBXBuildFile; fileRef = BDF007472CD24E7100A386A1 /* Quotes.json */; };
		BDF0074B2CD24E7100A386A1 /* AnimeCharacter.json in Resources */ = {isa = PBXBuildFile; fileRef = BDF007452CD24E7100A386A1 /* AnimeCharacter.json */; };
/* End PBXBuildFile section */

/* Begin PBXFileReference section */
		5164DDD82CCF7DB7001FC7D9 /* STTManager.swift */ = {isa = PBXFileReference; lastKnownFileType = sourcecode.swift; path = STTManager.swift; sourceTree = "<group>"; };
		5164DDDC2CCF8EA7001FC7D9 /* Info.plist */ = {isa = PBXFileReference; lastKnownFileType = text.plist; path = Info.plist; sourceTree = "<group>"; };
		51ECA4F72CD26C21001AB4E0 /* SpeechGrader.swift */ = {isa = PBXFileReference; lastKnownFileType = sourcecode.swift; path = SpeechGrader.swift; sourceTree = "<group>"; };
		51ECA4FB2CD3A3F4001AB4E0 /* AudioPlayerManager.swift */ = {isa = PBXFileReference; lastKnownFileType = sourcecode.swift; path = AudioPlayerManager.swift; sourceTree = "<group>"; };
		90429A862CD25FD800A23D0B /* LearningStartView.swift */ = {isa = PBXFileReference; lastKnownFileType = sourcecode.swift; path = LearningStartView.swift; sourceTree = "<group>"; };
		90429A892CD36D5800A23D0B /* BTR001.m4a */ = {isa = PBXFileReference; lastKnownFileType = file; path = BTR001.m4a; sourceTree = "<group>"; };
		90429A8A2CD36D5800A23D0B /* BTR002.m4a */ = {isa = PBXFileReference; lastKnownFileType = file; path = BTR002.m4a; sourceTree = "<group>"; };
		90429A8B2CD36D5800A23D0B /* BTR003.m4a */ = {isa = PBXFileReference; lastKnownFileType = file; path = BTR003.m4a; sourceTree = "<group>"; };
		90429A8C2CD36D5800A23D0B /* BTR004.m4a */ = {isa = PBXFileReference; lastKnownFileType = file; path = BTR004.m4a; sourceTree = "<group>"; };
		90429A8D2CD36D5800A23D0B /* BTR005.m4a */ = {isa = PBXFileReference; lastKnownFileType = file; path = BTR005.m4a; sourceTree = "<group>"; };
		90429A8F2CD36D5800A23D0B /* JUJ002.m4a */ = {isa = PBXFileReference; lastKnownFileType = file; path = JUJ002.m4a; sourceTree = "<group>"; };
		90429A902CD36D5800A23D0B /* JUJ003.m4a */ = {isa = PBXFileReference; lastKnownFileType = file; path = JUJ003.m4a; sourceTree = "<group>"; };
		90429A912CD36D5800A23D0B /* JUJ004.m4a */ = {isa = PBXFileReference; lastKnownFileType = file; path = JUJ004.m4a; sourceTree = "<group>"; };
		90429A922CD36D5800A23D0B /* JUJ005.m4a */ = {isa = PBXFileReference; lastKnownFileType = file; path = JUJ005.m4a; sourceTree = "<group>"; };
		908DE6322CDCB0AC00EC9B1C /* JUJ001.m4a */ = {isa = PBXFileReference; lastKnownFileType = file; path = JUJ001.m4a; sourceTree = "<group>"; };
		BD13E5122CDA50E4001ED452 /* BackButton.swift */ = {isa = PBXFileReference; lastKnownFileType = sourcecode.swift; path = BackButton.swift; sourceTree = "<group>"; };
		BD26F3572CCFD63F00F6007F /* HomeView.swift */ = {isa = PBXFileReference; lastKnownFileType = sourcecode.swift; path = HomeView.swift; sourceTree = "<group>"; };
		BD2BAAF72CD37D8500873607 /* SearchBar.swift */ = {isa = PBXFileReference; lastKnownFileType = sourcecode.swift; path = SearchBar.swift; sourceTree = "<group>"; };
		BD54BC3B2CD122A300366076 /* YouTubePlayerView.swift */ = {isa = PBXFileReference; lastKnownFileType = sourcecode.swift; name = YouTubePlayerView.swift; path = Pepperoni/View/Components/YouTubePlayerView.swift; sourceTree = SOURCE_ROOT; };
		BD737E2E2CC746710096CDEC /* Pepperoni.app */ = {isa = PBXFileReference; explicitFileType = wrapper.application; includeInIndex = 0; path = Pepperoni.app; sourceTree = BUILT_PRODUCTS_DIR; };
		BD737E3F2CC746840096CDEC /* .gitignore */ = {isa = PBXFileReference; lastKnownFileType = text; path = .gitignore; sourceTree = "<group>"; };
		BD7D58A42CD2618200EAD175 /* AnimeListView.swift */ = {isa = PBXFileReference; lastKnownFileType = sourcecode.swift; path = AnimeListView.swift; sourceTree = "<group>"; };
		BD7D58A62CD2679200EAD175 /* CharacterDetailView.swift */ = {isa = PBXFileReference; lastKnownFileType = sourcecode.swift; path = CharacterDetailView.swift; sourceTree = "<group>"; };
		BD8695202CD768CA00FDE710 /* ImagePickerView.swift */ = {isa = PBXFileReference; lastKnownFileType = sourcecode.swift; path = ImagePickerView.swift; sourceTree = "<group>"; };
		BD8695222CD921B200FDE710 /* AchievementBar.swift */ = {isa = PBXFileReference; lastKnownFileType = sourcecode.swift; path = AchievementBar.swift; sourceTree = "<group>"; };
		BDE03C482CCF2634000DACB8 /* Preview Assets.xcassets */ = {isa = PBXFileReference; lastKnownFileType = folder.assetcatalog; path = "Preview Assets.xcassets"; sourceTree = "<group>"; };
		BDE03C4D2CCF2634000DACB8 /* PepperoniApp.swift */ = {isa = PBXFileReference; lastKnownFileType = sourcecode.swift; path = PepperoniApp.swift; sourceTree = "<group>"; };
		BDF0072F2CD24DD500A386A1 /* Models.swift */ = {isa = PBXFileReference; lastKnownFileType = sourcecode.swift; path = Models.swift; sourceTree = "<group>"; };
		BDF007322CD24E2900A386A1 /* CharacterListView.swift */ = {isa = PBXFileReference; lastKnownFileType = sourcecode.swift; path = CharacterListView.swift; sourceTree = "<group>"; };
		BDF007332CD24E2900A386A1 /* AnimeSearchView.swift */ = {isa = PBXFileReference; lastKnownFileType = sourcecode.swift; path = AnimeSearchView.swift; sourceTree = "<group>"; };
		BDF007342CD24E2900A386A1 /* ContentView.swift */ = {isa = PBXFileReference; lastKnownFileType = sourcecode.swift; path = ContentView.swift; sourceTree = "<group>"; };
		BDF0073A2CD24E3100A386A1 /* LearningView.swift */ = {isa = PBXFileReference; lastKnownFileType = sourcecode.swift; path = LearningView.swift; sourceTree = "<group>"; };
		BDF0073B2CD24E3100A386A1 /* ResultView.swift */ = {isa = PBXFileReference; lastKnownFileType = sourcecode.swift; path = ResultView.swift; sourceTree = "<group>"; };
		BDF0073F2CD24E4C00A386A1 /* Assets.xcassets */ = {isa = PBXFileReference; lastKnownFileType = folder.assetcatalog; path = Assets.xcassets; sourceTree = "<group>"; };
		BDF007422CD24E5D00A386A1 /* Router.swift */ = {isa = PBXFileReference; lastKnownFileType = sourcecode.swift; path = Router.swift; sourceTree = "<group>"; };
		BDF007452CD24E7100A386A1 /* AnimeCharacter.json */ = {isa = PBXFileReference; lastKnownFileType = text.json; path = AnimeCharacter.json; sourceTree = "<group>"; };
		BDF007462CD24E7100A386A1 /* JSONUtils.swift */ = {isa = PBXFileReference; lastKnownFileType = sourcecode.swift; path = JSONUtils.swift; sourceTree = "<group>"; };
		BDF007472CD24E7100A386A1 /* Quotes.json */ = {isa = PBXFileReference; lastKnownFileType = text.json; path = Quotes.json; sourceTree = "<group>"; };
/* End PBXFileReference section */

/* Begin PBXFrameworksBuildPhase section */
		BD737E2B2CC746710096CDEC /* Frameworks */ = {
			isa = PBXFrameworksBuildPhase;
			buildActionMask = 2147483647;
			files = (
				BD54BC3A2CD1225000366076 /* YouTubeiOSPlayerHelper in Frameworks */,
			);
			runOnlyForDeploymentPostprocessing = 0;
		};
/* End PBXFrameworksBuildPhase section */

/* Begin PBXGroup section */
		90429A882CD36D1800A23D0B /* QuoteVoices */ = {
			isa = PBXGroup;
			children = (
				90429A892CD36D5800A23D0B /* BTR001.m4a */,
				90429A8A2CD36D5800A23D0B /* BTR002.m4a */,
				90429A8B2CD36D5800A23D0B /* BTR003.m4a */,
				90429A8C2CD36D5800A23D0B /* BTR004.m4a */,
				90429A8D2CD36D5800A23D0B /* BTR005.m4a */,
				908DE6322CDCB0AC00EC9B1C /* JUJ001.m4a */,
				90429A8F2CD36D5800A23D0B /* JUJ002.m4a */,
				90429A902CD36D5800A23D0B /* JUJ003.m4a */,
				90429A912CD36D5800A23D0B /* JUJ004.m4a */,
				90429A922CD36D5800A23D0B /* JUJ005.m4a */,
			);
			path = QuoteVoices;
			sourceTree = "<group>";
		};
		BD2BAAF62CD37D7C00873607 /* Components */ = {
			isa = PBXGroup;
			children = (
				BD2BAAF72CD37D8500873607 /* SearchBar.swift */,
				BD8695222CD921B200FDE710 /* AchievementBar.swift */,
				BD54BC3B2CD122A300366076 /* YouTubePlayerView.swift */,
				BD8695202CD768CA00FDE710 /* ImagePickerView.swift */,
				BD13E5122CDA50E4001ED452 /* BackButton.swift */,
			);
			path = Components;
			sourceTree = "<group>";
		};
		BD737E252CC746710096CDEC = {
			isa = PBXGroup;
			children = (
				BD737E3F2CC746840096CDEC /* .gitignore */,
				BDE03C4E2CCF2634000DACB8 /* Pepperoni */,
				BD737E2F2CC746710096CDEC /* Products */,
			);
			sourceTree = "<group>";
		};
		BD737E2F2CC746710096CDEC /* Products */ = {
			isa = PBXGroup;
			children = (
				BD737E2E2CC746710096CDEC /* Pepperoni.app */,
			);
			name = Products;
			sourceTree = "<group>";
		};
		BDE03C492CCF2634000DACB8 /* Preview Content */ = {
			isa = PBXGroup;
			children = (
				BDE03C482CCF2634000DACB8 /* Preview Assets.xcassets */,
			);
			path = "Preview Content";
			sourceTree = "<group>";
		};
		BDE03C4A2CCF2634000DACB8 /* View */ = {
			isa = PBXGroup;
			children = (
				BD2BAAF62CD37D7C00873607 /* Components */,
				BDF007342CD24E2900A386A1 /* ContentView.swift */,
				BD26F3572CCFD63F00F6007F /* HomeView.swift */,
				BD7D58A42CD2618200EAD175 /* AnimeListView.swift */,
				BDF007332CD24E2900A386A1 /* AnimeSearchView.swift */,
				BDF007322CD24E2900A386A1 /* CharacterListView.swift */,
				BD7D58A62CD2679200EAD175 /* CharacterDetailView.swift */,
				BDF0073C2CD24E3100A386A1 /* Learning */,
			);
			path = View;
			sourceTree = "<group>";
		};
		BDE03C4E2CCF2634000DACB8 /* Pepperoni */ = {
			isa = PBXGroup;
			children = (
				5164DDDC2CCF8EA7001FC7D9 /* Info.plist */,
				BDE03C492CCF2634000DACB8 /* Preview Content */,
				BDF007302CD24DD500A386A1 /* Data */,
				BDE03C4A2CCF2634000DACB8 /* View */,
				BDE03C4D2CCF2634000DACB8 /* PepperoniApp.swift */,
				5164DDD82CCF7DB7001FC7D9 /* STTManager.swift */,
				51ECA4F72CD26C21001AB4E0 /* SpeechGrader.swift */,
				51ECA4FB2CD3A3F4001AB4E0 /* AudioPlayerManager.swift */,
				BDF007432CD24E5D00A386A1 /* Helper */,
				BDF007402CD24E4C00A386A1 /* Assets */,
				BDF007482CD24E7100A386A1 /* Resource */,
			);
			path = Pepperoni;
			sourceTree = "<group>";
		};
		BDF007302CD24DD500A386A1 /* Data */ = {
			isa = PBXGroup;
			children = (
				BDF0072F2CD24DD500A386A1 /* Models.swift */,
			);
			name = Data;
			path = Pepperoni/Data;
			sourceTree = SOURCE_ROOT;
		};
		BDF0073C2CD24E3100A386A1 /* Learning */ = {
			isa = PBXGroup;
			children = (
				90429A862CD25FD800A23D0B /* LearningStartView.swift */,
				BDF0073A2CD24E3100A386A1 /* LearningView.swift */,
				BDF0073B2CD24E3100A386A1 /* ResultView.swift */,
			);
			path = Learning;
			sourceTree = "<group>";
		};
		BDF007402CD24E4C00A386A1 /* Assets */ = {
			isa = PBXGroup;
			children = (
				BDF0073F2CD24E4C00A386A1 /* Assets.xcassets */,
			);
			name = Assets;
			path = Pepperoni/Assets;
			sourceTree = SOURCE_ROOT;
		};
		BDF007432CD24E5D00A386A1 /* Helper */ = {
			isa = PBXGroup;
			children = (
				BDF007422CD24E5D00A386A1 /* Router.swift */,
			);
			name = Helper;
			path = Pepperoni/Helper;
			sourceTree = SOURCE_ROOT;
		};
		BDF007482CD24E7100A386A1 /* Resource */ = {
			isa = PBXGroup;
			children = (
				BDF007452CD24E7100A386A1 /* AnimeCharacter.json */,
				BDF007472CD24E7100A386A1 /* Quotes.json */,
				BDF007462CD24E7100A386A1 /* JSONUtils.swift */,
				90429A882CD36D1800A23D0B /* QuoteVoices */,
			);
			path = Resource;
			sourceTree = "<group>";
		};
/* End PBXGroup section */

/* Begin PBXNativeTarget section */
		BD737E2D2CC746710096CDEC /* Pepperoni */ = {
			isa = PBXNativeTarget;
			buildConfigurationList = BD737E3C2CC746720096CDEC /* Build configuration list for PBXNativeTarget "Pepperoni" */;
			buildPhases = (
				BD737E2A2CC746710096CDEC /* Sources */,
				BD737E2B2CC746710096CDEC /* Frameworks */,
				BD737E2C2CC746710096CDEC /* Resources */,
			);
			buildRules = (
			);
			dependencies = (
			);
			name = Pepperoni;
			packageProductDependencies = (
				BD54BC392CD1225000366076 /* YouTubeiOSPlayerHelper */,
			);
			productName = Pepperoni;
			productReference = BD737E2E2CC746710096CDEC /* Pepperoni.app */;
			productType = "com.apple.product-type.application";
		};
/* End PBXNativeTarget section */

/* Begin PBXProject section */
		BD737E262CC746710096CDEC /* Project object */ = {
			isa = PBXProject;
			attributes = {
				BuildIndependentTargetsInParallel = 1;
				LastSwiftUpdateCheck = 1600;
				LastUpgradeCheck = 1600;
				TargetAttributes = {
					BD737E2D2CC746710096CDEC = {
						CreatedOnToolsVersion = 16.0;
					};
				};
			};
			buildConfigurationList = BD737E292CC746710096CDEC /* Build configuration list for PBXProject "Pepperoni" */;
			developmentRegion = en;
			hasScannedForEncodings = 0;
			knownRegions = (
				en,
				Base,
			);
			mainGroup = BD737E252CC746710096CDEC;
			minimizedProjectReferenceProxies = 1;
			packageReferences = (
				BD54BC382CD1225000366076 /* XCRemoteSwiftPackageReference "youtube-ios-player-helper" */,
			);
			preferredProjectObjectVersion = 77;
			productRefGroup = BD737E2F2CC746710096CDEC /* Products */;
			projectDirPath = "";
			projectRoot = "";
			targets = (
				BD737E2D2CC746710096CDEC /* Pepperoni */,
			);
		};
/* End PBXProject section */

/* Begin PBXResourcesBuildPhase section */
		BD737E2C2CC746710096CDEC /* Resources */ = {
			isa = PBXResourcesBuildPhase;
			buildActionMask = 2147483647;
			files = (
				BDE03C512CCF2634000DACB8 /* Preview Assets.xcassets in Resources */,
				BDF007412CD24E4C00A386A1 /* Assets.xcassets in Resources */,
				BDF0074A2CD24E7100A386A1 /* Quotes.json in Resources */,
				BDF0074B2CD24E7100A386A1 /* AnimeCharacter.json in Resources */,
				BD737E402CC7468C0096CDEC /* .gitignore in Resources */,
				90429A932CD36D5800A23D0B /* JUJ004.m4a in Resources */,
				90429A942CD36D5800A23D0B /* BTR001.m4a in Resources */,
				90429A952CD36D5800A23D0B /* BTR003.m4a in Resources */,
				90429A962CD36D5800A23D0B /* JUJ005.m4a in Resources */,
				908DE6332CDCB0AC00EC9B1C /* JUJ001.m4a in Resources */,
				90429A972CD36D5800A23D0B /* BTR004.m4a in Resources */,
				90429A982CD36D5800A23D0B /* BTR005.m4a in Resources */,
				90429A9A2CD36D5800A23D0B /* BTR002.m4a in Resources */,
				90429A9B2CD36D5800A23D0B /* JUJ002.m4a in Resources */,
				90429A9C2CD36D5800A23D0B /* JUJ003.m4a in Resources */,
			);
			runOnlyForDeploymentPostprocessing = 0;
		};
/* End PBXResourcesBuildPhase section */

/* Begin PBXSourcesBuildPhase section */
		BD737E2A2CC746710096CDEC /* Sources */ = {
			isa = PBXSourcesBuildPhase;
			buildActionMask = 2147483647;
			files = (
				BDE03C502CCF2634000DACB8 /* PepperoniApp.swift in Sources */,
				BD54BC3C2CD122A300366076 /* YouTubePlayerView.swift in Sources */,
				BD8695212CD768CA00FDE710 /* ImagePickerView.swift in Sources */,
				BDF007312CD24DD500A386A1 /* Models.swift in Sources */,
				BDF007492CD24E7100A386A1 /* JSONUtils.swift in Sources */,
				BDF007372CD24E2900A386A1 /* ContentView.swift in Sources */,
				51ECA4F82CD26C21001AB4E0 /* SpeechGrader.swift in Sources */,
				BD13E5132CDA50E4001ED452 /* BackButton.swift in Sources */,
				BDF007382CD24E2900A386A1 /* AnimeSearchView.swift in Sources */,
				51ECA4FC2CD3A3F4001AB4E0 /* AudioPlayerManager.swift in Sources */,
				90429A872CD25FD800A23D0B /* LearningStartView.swift in Sources */,
				BDF007382CD24E2900A386A1 /* AnimeSearchView.swift in Sources */,
				BDF007442CD24E5D00A386A1 /* Router.swift in Sources */,
				BD7D58A72CD2679200EAD175 /* CharacterDetailView.swift in Sources */,
				BDF007392CD24E2900A386A1 /* CharacterListView.swift in Sources */,
				BDE03C502CCF2634000DACB8 /* PepperoniApp.swift in Sources */,
				5164DDD92CCF7DB7001FC7D9 /* STTManager.swift in Sources */,
				BD7D58A52CD2618200EAD175 /* AnimeListView.swift in Sources */,
				BD26F35E2CCFD63F00F6007F /* HomeView.swift in Sources */,
				BD2BAAF82CD37D9200873607 /* SearchBar.swift in Sources */,
				BDF0073D2CD24E3100A386A1 /* LearningView.swift in Sources */,
				BD8695232CD921B200FDE710 /* AchievementBar.swift in Sources */,
				BDF0073E2CD24E3100A386A1 /* ResultView.swift in Sources */,
			);
			runOnlyForDeploymentPostprocessing = 0;
		};
/* End PBXSourcesBuildPhase section */

/* Begin XCBuildConfiguration section */
		BD737E3A2CC746720096CDEC /* Debug */ = {
			isa = XCBuildConfiguration;
			buildSettings = {
				ALWAYS_SEARCH_USER_PATHS = NO;
				ASSETCATALOG_COMPILER_GENERATE_SWIFT_ASSET_SYMBOL_EXTENSIONS = YES;
				CLANG_ANALYZER_NONNULL = YES;
				CLANG_ANALYZER_NUMBER_OBJECT_CONVERSION = YES_AGGRESSIVE;
				CLANG_CXX_LANGUAGE_STANDARD = "gnu++20";
				CLANG_ENABLE_MODULES = YES;
				CLANG_ENABLE_OBJC_ARC = YES;
				CLANG_ENABLE_OBJC_WEAK = YES;
				CLANG_WARN_BLOCK_CAPTURE_AUTORELEASING = YES;
				CLANG_WARN_BOOL_CONVERSION = YES;
				CLANG_WARN_COMMA = YES;
				CLANG_WARN_CONSTANT_CONVERSION = YES;
				CLANG_WARN_DEPRECATED_OBJC_IMPLEMENTATIONS = YES;
				CLANG_WARN_DIRECT_OBJC_ISA_USAGE = YES_ERROR;
				CLANG_WARN_DOCUMENTATION_COMMENTS = YES;
				CLANG_WARN_EMPTY_BODY = YES;
				CLANG_WARN_ENUM_CONVERSION = YES;
				CLANG_WARN_INFINITE_RECURSION = YES;
				CLANG_WARN_INT_CONVERSION = YES;
				CLANG_WARN_NON_LITERAL_NULL_CONVERSION = YES;
				CLANG_WARN_OBJC_IMPLICIT_RETAIN_SELF = YES;
				CLANG_WARN_OBJC_LITERAL_CONVERSION = YES;
				CLANG_WARN_OBJC_ROOT_CLASS = YES_ERROR;
				CLANG_WARN_QUOTED_INCLUDE_IN_FRAMEWORK_HEADER = YES;
				CLANG_WARN_RANGE_LOOP_ANALYSIS = YES;
				CLANG_WARN_STRICT_PROTOTYPES = YES;
				CLANG_WARN_SUSPICIOUS_MOVE = YES;
				CLANG_WARN_UNGUARDED_AVAILABILITY = YES_AGGRESSIVE;
				CLANG_WARN_UNREACHABLE_CODE = YES;
				CLANG_WARN__DUPLICATE_METHOD_MATCH = YES;
				COPY_PHASE_STRIP = NO;
				DEBUG_INFORMATION_FORMAT = dwarf;
				ENABLE_STRICT_OBJC_MSGSEND = YES;
				ENABLE_TESTABILITY = YES;
				ENABLE_USER_SCRIPT_SANDBOXING = YES;
				GCC_C_LANGUAGE_STANDARD = gnu17;
				GCC_DYNAMIC_NO_PIC = NO;
				GCC_NO_COMMON_BLOCKS = YES;
				GCC_OPTIMIZATION_LEVEL = 0;
				GCC_PREPROCESSOR_DEFINITIONS = (
					"DEBUG=1",
					"$(inherited)",
				);
				GCC_WARN_64_TO_32_BIT_CONVERSION = YES;
				GCC_WARN_ABOUT_RETURN_TYPE = YES_ERROR;
				GCC_WARN_UNDECLARED_SELECTOR = YES;
				GCC_WARN_UNINITIALIZED_AUTOS = YES_AGGRESSIVE;
				GCC_WARN_UNUSED_FUNCTION = YES;
				GCC_WARN_UNUSED_VARIABLE = YES;
				IPHONEOS_DEPLOYMENT_TARGET = 18.0;
				LOCALIZATION_PREFERS_STRING_CATALOGS = YES;
				MTL_ENABLE_DEBUG_INFO = INCLUDE_SOURCE;
				MTL_FAST_MATH = YES;
				ONLY_ACTIVE_ARCH = YES;
				SDKROOT = iphoneos;
				SWIFT_ACTIVE_COMPILATION_CONDITIONS = "DEBUG $(inherited)";
				SWIFT_OPTIMIZATION_LEVEL = "-Onone";
			};
			name = Debug;
		};
		BD737E3B2CC746720096CDEC /* Release */ = {
			isa = XCBuildConfiguration;
			buildSettings = {
				ALWAYS_SEARCH_USER_PATHS = NO;
				ASSETCATALOG_COMPILER_GENERATE_SWIFT_ASSET_SYMBOL_EXTENSIONS = YES;
				CLANG_ANALYZER_NONNULL = YES;
				CLANG_ANALYZER_NUMBER_OBJECT_CONVERSION = YES_AGGRESSIVE;
				CLANG_CXX_LANGUAGE_STANDARD = "gnu++20";
				CLANG_ENABLE_MODULES = YES;
				CLANG_ENABLE_OBJC_ARC = YES;
				CLANG_ENABLE_OBJC_WEAK = YES;
				CLANG_WARN_BLOCK_CAPTURE_AUTORELEASING = YES;
				CLANG_WARN_BOOL_CONVERSION = YES;
				CLANG_WARN_COMMA = YES;
				CLANG_WARN_CONSTANT_CONVERSION = YES;
				CLANG_WARN_DEPRECATED_OBJC_IMPLEMENTATIONS = YES;
				CLANG_WARN_DIRECT_OBJC_ISA_USAGE = YES_ERROR;
				CLANG_WARN_DOCUMENTATION_COMMENTS = YES;
				CLANG_WARN_EMPTY_BODY = YES;
				CLANG_WARN_ENUM_CONVERSION = YES;
				CLANG_WARN_INFINITE_RECURSION = YES;
				CLANG_WARN_INT_CONVERSION = YES;
				CLANG_WARN_NON_LITERAL_NULL_CONVERSION = YES;
				CLANG_WARN_OBJC_IMPLICIT_RETAIN_SELF = YES;
				CLANG_WARN_OBJC_LITERAL_CONVERSION = YES;
				CLANG_WARN_OBJC_ROOT_CLASS = YES_ERROR;
				CLANG_WARN_QUOTED_INCLUDE_IN_FRAMEWORK_HEADER = YES;
				CLANG_WARN_RANGE_LOOP_ANALYSIS = YES;
				CLANG_WARN_STRICT_PROTOTYPES = YES;
				CLANG_WARN_SUSPICIOUS_MOVE = YES;
				CLANG_WARN_UNGUARDED_AVAILABILITY = YES_AGGRESSIVE;
				CLANG_WARN_UNREACHABLE_CODE = YES;
				CLANG_WARN__DUPLICATE_METHOD_MATCH = YES;
				COPY_PHASE_STRIP = NO;
				DEBUG_INFORMATION_FORMAT = "dwarf-with-dsym";
				ENABLE_NS_ASSERTIONS = NO;
				ENABLE_STRICT_OBJC_MSGSEND = YES;
				ENABLE_USER_SCRIPT_SANDBOXING = YES;
				GCC_C_LANGUAGE_STANDARD = gnu17;
				GCC_NO_COMMON_BLOCKS = YES;
				GCC_WARN_64_TO_32_BIT_CONVERSION = YES;
				GCC_WARN_ABOUT_RETURN_TYPE = YES_ERROR;
				GCC_WARN_UNDECLARED_SELECTOR = YES;
				GCC_WARN_UNINITIALIZED_AUTOS = YES_AGGRESSIVE;
				GCC_WARN_UNUSED_FUNCTION = YES;
				GCC_WARN_UNUSED_VARIABLE = YES;
				IPHONEOS_DEPLOYMENT_TARGET = 18.0;
				LOCALIZATION_PREFERS_STRING_CATALOGS = YES;
				MTL_ENABLE_DEBUG_INFO = NO;
				MTL_FAST_MATH = YES;
				SDKROOT = iphoneos;
				SWIFT_COMPILATION_MODE = wholemodule;
				VALIDATE_PRODUCT = YES;
			};
			name = Release;
		};
		BD737E3D2CC746720096CDEC /* Debug */ = {
			isa = XCBuildConfiguration;
			buildSettings = {
				ASSETCATALOG_COMPILER_APPICON_NAME = AppIcon;
				ASSETCATALOG_COMPILER_GLOBAL_ACCENT_COLOR_NAME = AccentColor;
				CODE_SIGN_IDENTITY = "Apple Development";
				CODE_SIGN_STYLE = Automatic;
				CURRENT_PROJECT_VERSION = 6;
				DEVELOPMENT_ASSET_PATHS = "\"Pepperoni/Preview Content\"";
				DEVELOPMENT_TEAM = 5Z2TRCRXZZ;
				ENABLE_PREVIEWS = YES;
				GENERATE_INFOPLIST_FILE = YES;
				INFOPLIST_FILE = Pepperoni/Info.plist;
				INFOPLIST_KEY_UIApplicationSceneManifest_Generation = YES;
				INFOPLIST_KEY_UIApplicationSupportsIndirectInputEvents = YES;
				INFOPLIST_KEY_UILaunchScreen_Generation = YES;
				INFOPLIST_KEY_UISupportedInterfaceOrientations_iPad = "UIInterfaceOrientationPortrait UIInterfaceOrientationPortraitUpsideDown UIInterfaceOrientationLandscapeLeft UIInterfaceOrientationLandscapeRight";
				INFOPLIST_KEY_UISupportedInterfaceOrientations_iPhone = "UIInterfaceOrientationPortrait UIInterfaceOrientationLandscapeLeft UIInterfaceOrientationLandscapeRight";
				IPHONEOS_DEPLOYMENT_TARGET = 17.0;
				LD_RUNPATH_SEARCH_PATHS = (
					"$(inherited)",
					"@executable_path/Frameworks",
				);
				MARKETING_VERSION = 1.0;
				PRODUCT_BUNDLE_IDENTIFIER = com.Jen.Pepperoni;
				PRODUCT_NAME = "$(TARGET_NAME)";
				PROVISIONING_PROFILE_SPECIFIER = "";
				SWIFT_EMIT_LOC_STRINGS = YES;
				SWIFT_VERSION = 5.0;
				TARGETED_DEVICE_FAMILY = "1,2";
			};
			name = Debug;
		};
		BD737E3E2CC746720096CDEC /* Release */ = {
			isa = XCBuildConfiguration;
			buildSettings = {
				ASSETCATALOG_COMPILER_APPICON_NAME = AppIcon;
				ASSETCATALOG_COMPILER_GLOBAL_ACCENT_COLOR_NAME = AccentColor;
				CODE_SIGN_STYLE = Automatic;
				CURRENT_PROJECT_VERSION = 6;
				DEVELOPMENT_ASSET_PATHS = "\"Pepperoni/Preview Content\"";
				DEVELOPMENT_TEAM = PK4L7H6D6F;
				ENABLE_PREVIEWS = YES;
				GENERATE_INFOPLIST_FILE = YES;
				INFOPLIST_FILE = Pepperoni/Info.plist;
				INFOPLIST_KEY_UIApplicationSceneManifest_Generation = YES;
				INFOPLIST_KEY_UIApplicationSupportsIndirectInputEvents = YES;
				INFOPLIST_KEY_UILaunchScreen_Generation = YES;
				INFOPLIST_KEY_UISupportedInterfaceOrientations_iPad = "UIInterfaceOrientationPortrait UIInterfaceOrientationPortraitUpsideDown UIInterfaceOrientationLandscapeLeft UIInterfaceOrientationLandscapeRight";
				INFOPLIST_KEY_UISupportedInterfaceOrientations_iPhone = "UIInterfaceOrientationPortrait UIInterfaceOrientationLandscapeLeft UIInterfaceOrientationLandscapeRight";
				IPHONEOS_DEPLOYMENT_TARGET = 17.0;
				LD_RUNPATH_SEARCH_PATHS = (
					"$(inherited)",
					"@executable_path/Frameworks",
				);
				MARKETING_VERSION = 1.0;
				PRODUCT_BUNDLE_IDENTIFIER = com.Jen.Pepperoni;
				PRODUCT_NAME = "$(TARGET_NAME)";
				SWIFT_EMIT_LOC_STRINGS = YES;
				SWIFT_VERSION = 5.0;
				TARGETED_DEVICE_FAMILY = "1,2";
			};
			name = Release;
		};
/* End XCBuildConfiguration section */

/* Begin XCConfigurationList section */
		BD737E292CC746710096CDEC /* Build configuration list for PBXProject "Pepperoni" */ = {
			isa = XCConfigurationList;
			buildConfigurations = (
				BD737E3A2CC746720096CDEC /* Debug */,
				BD737E3B2CC746720096CDEC /* Release */,
			);
			defaultConfigurationIsVisible = 0;
			defaultConfigurationName = Release;
		};
		BD737E3C2CC746720096CDEC /* Build configuration list for PBXNativeTarget "Pepperoni" */ = {
			isa = XCConfigurationList;
			buildConfigurations = (
				BD737E3D2CC746720096CDEC /* Debug */,
				BD737E3E2CC746720096CDEC /* Release */,
			);
			defaultConfigurationIsVisible = 0;
			defaultConfigurationName = Release;
		};
/* End XCConfigurationList section */

/* Begin XCRemoteSwiftPackageReference section */
		BD54BC382CD1225000366076 /* XCRemoteSwiftPackageReference "youtube-ios-player-helper" */ = {
			isa = XCRemoteSwiftPackageReference;
			repositoryURL = "https://github.com/youtube/youtube-ios-player-helper.git";
			requirement = {
				kind = upToNextMajorVersion;
				minimumVersion = 1.0.4;
			};
		};
/* End XCRemoteSwiftPackageReference section */

/* Begin XCSwiftPackageProductDependency section */
		BD54BC392CD1225000366076 /* YouTubeiOSPlayerHelper */ = {
			isa = XCSwiftPackageProductDependency;
			package = BD54BC382CD1225000366076 /* XCRemoteSwiftPackageReference "youtube-ios-player-helper" */;
			productName = YouTubeiOSPlayerHelper;
		};
/* End XCSwiftPackageProductDependency section */
	};
	rootObject = BD737E262CC746710096CDEC /* Project object */;
}
